
Microsoft Visual Studio Solution File, Format Version 12.00
# Visual Studio 15
VisualStudioVersion = 15.0.27703.2042
MinimumVisualStudioVersion = 10.0.40219.1
Project("{FAE04EC0-301F-11D3-BF4B-00C04F79EFBC}") = "AzureChatBot", "AzureChatBot\AzureChatBot.csproj", "{1521855E-5E48-464A-8A87-9C0DB49FD2C6}"
EndProject
Global
	GlobalSection(SolutionConfigurationPlatforms) = preSolution
		Debug|Any CPU = Debug|Any CPU
		Release|Any CPU = Release|Any CPU
	EndGlobalSection
	GlobalSection(ProjectConfigurationPlatforms) = postSolution
		{1521855E-5E48-464A-8A87-9C0DB49FD2C6}.Debug|Any CPU.ActiveCfg = Debug|Any CPU
		{1521855E-5E48-464A-8A87-9C0DB49FD2C6}.Debug|Any CPU.Build.0 = Debug|Any CPU
		{1521855E-5E48-464A-8A87-9C0DB49FD2C6}.Release|Any CPU.ActiveCfg = Release|Any CPU
		{1521855E-5E48-464A-8A87-9C0DB49FD2C6}.Release|Any CPU.Build.0 = Release|Any CPU
	EndGlobalSection
	GlobalSection(SolutionProperties) = preSolution
		HideSolutionNode = FALSE
	EndGlobalSection
	GlobalSection(ExtensibilityGlobals) = postSolution
		SolutionGuid = {8B31215B-105F-467B-864E-4B2168158D22}
	EndGlobalSection
EndGlobal
